{
  "version": "5",
  "specifiers": {
    "jsr:@std/cli@1": "1.0.28",
    "jsr:@std/internal@^1.0.12": "1.0.12",
    "jsr:@std/path@1": "1.1.4",
    "npm:@resvg/resvg-js@2": "2.6.2",
    "npm:chalk@5": "5.6.2",
    "npm:vega-lite@5": "5.23.0_vega@5.33.1",
    "npm:vega@5": "5.33.1"
  },
  "jsr": {
    "@std/cli@1.0.28": {
      "integrity": "74ef9b976db59ca6b23a5283469c9072be6276853807a83ec6c7ce412135c70a"
    },
    "@std/internal@1.0.12": {
      "integrity": "972a634fd5bc34b242024402972cd5143eac68d8dffaca5eaa4dba30ce17b027"
    },
    "@std/path@1.1.4": {
      "integrity": "1d2d43f39efb1b42f0b1882a25486647cb851481862dc7313390b2bb044314b5",
      "dependencies": [
        "jsr:@std/internal"
      ]
    }
  },
  "npm": {
    "@resvg/resvg-js-android-arm-eabi@2.6.2": {
      "integrity": "sha512-FrJibrAk6v29eabIPgcTUMPXiEz8ssrAk7TXxsiZzww9UTQ1Z5KAbFJs+Z0Ez+VZTYgnE5IQJqBcoSiMebtPHA==",
      "os": ["android"],
      "cpu": ["arm"]
    },
    "@resvg/resvg-js-android-arm64@2.6.2": {
      "integrity": "sha512-VcOKezEhm2VqzXpcIJoITuvUS/fcjIw5NA/w3tjzWyzmvoCdd+QXIqy3FBGulWdClvp4g+IfUemigrkLThSjAQ==",
      "os": ["android"],
      "cpu": ["arm64"]
    },
    "@resvg/resvg-js-darwin-arm64@2.6.2": {
      "integrity": "sha512-nmok2LnAd6nLUKI16aEB9ydMC6Lidiiq2m1nEBDR1LaaP7FGs4AJ90qDraxX+CWlVuRlvNjyYJTNv8qFjtL9+A==",
      "os": ["darwin"],
      "cpu": ["arm64"]
    },
    "@resvg/resvg-js-darwin-x64@2.6.2": {
      "integrity": "sha512-GInyZLjgWDfsVT6+SHxQVRwNzV0AuA1uqGsOAW+0th56J7Nh6bHHKXHBWzUrihxMetcFDmQMAX1tZ1fZDYSRsw==",
      "os": ["darwin"],
      "cpu": ["x64"]
    },
    "@resvg/resvg-js-linux-arm-gnueabihf@2.6.2": {
      "integrity": "sha512-YIV3u/R9zJbpqTTNwTZM5/ocWetDKGsro0SWp70eGEM9eV2MerWyBRZnQIgzU3YBnSBQ1RcxRZvY/UxwESfZIw==",
      "os": ["linux"],
      "cpu": ["arm"]
    },
    "@resvg/resvg-js-linux-arm64-gnu@2.6.2": {
      "integrity": "sha512-zc2BlJSim7YR4FZDQ8OUoJg5holYzdiYMeobb9pJuGDidGL9KZUv7SbiD4E8oZogtYY42UZEap7dqkkYuA91pg==",
      "os": ["linux"],
      "cpu": ["arm64"]
    },
    "@resvg/resvg-js-linux-arm64-musl@2.6.2": {
      "integrity": "sha512-3h3dLPWNgSsD4lQBJPb4f+kvdOSJHa5PjTYVsWHxLUzH4IFTJUAnmuWpw4KqyQ3NA5QCyhw4TWgxk3jRkQxEKg==",
      "os": ["linux"],
      "cpu": ["arm64"]
    },
    "@resvg/resvg-js-linux-x64-gnu@2.6.2": {
      "integrity": "sha512-IVUe+ckIerA7xMZ50duAZzwf1U7khQe2E0QpUxu5MBJNao5RqC0zwV/Zm965vw6D3gGFUl7j4m+oJjubBVoftw==",
      "os": ["linux"],
      "cpu": ["x64"]
    },
    "@resvg/resvg-js-linux-x64-musl@2.6.2": {
      "integrity": "sha512-UOf83vqTzoYQO9SZ0fPl2ZIFtNIz/Rr/y+7X8XRX1ZnBYsQ/tTb+cj9TE+KHOdmlTFBxhYzVkP2lRByCzqi4jQ==",
      "os": ["linux"],
      "cpu": ["x64"]
    },
    "@resvg/resvg-js-win32-arm64-msvc@2.6.2": {
      "integrity": "sha512-7C/RSgCa+7vqZ7qAbItfiaAWhyRSoD4l4BQAbVDqRRsRgY+S+hgS3in0Rxr7IorKUpGE69X48q6/nOAuTJQxeQ==",
      "os": ["win32"],
      "cpu": ["arm64"]
    },
    "@resvg/resvg-js-win32-ia32-msvc@2.6.2": {
      "integrity": "sha512-har4aPAlvjnLcil40AC77YDIk6loMawuJwFINEM7n0pZviwMkMvjb2W5ZirsNOZY4aDbo5tLx0wNMREp5Brk+w==",
      "os": ["win32"],
      "cpu": ["ia32"]
    },
    "@resvg/resvg-js-win32-x64-msvc@2.6.2": {
      "integrity": "sha512-ZXtYhtUr5SSaBrUDq7DiyjOFJqBVL/dOBN7N/qmi/pO0IgiWW/f/ue3nbvu9joWE5aAKDoIzy/CxsY0suwGosQ==",
      "os": ["win32"],
      "cpu": ["x64"]
    },
    "@resvg/resvg-js@2.6.2": {
      "integrity": "sha512-xBaJish5OeGmniDj9cW5PRa/PtmuVU3ziqrbr5xJj901ZDN4TosrVaNZpEiLZAxdfnhAe7uQ7QFWfjPe9d9K2Q==",
      "optionalDependencies": [
        "@resvg/resvg-js-android-arm-eabi",
        "@resvg/resvg-js-android-arm64",
        "@resvg/resvg-js-darwin-arm64",
        "@resvg/resvg-js-darwin-x64",
        "@resvg/resvg-js-linux-arm-gnueabihf",
        "@resvg/resvg-js-linux-arm64-gnu",
        "@resvg/resvg-js-linux-arm64-musl",
        "@resvg/resvg-js-linux-x64-gnu",
        "@resvg/resvg-js-linux-x64-musl",
        "@resvg/resvg-js-win32-arm64-msvc",
        "@resvg/resvg-js-win32-ia32-msvc",
        "@resvg/resvg-js-win32-x64-msvc"
      ]
    },
    "@types/estree@1.0.8": {
      "integrity": "sha512-dWHzHa2WqEXI/O1E9OjrocMTKJl2mSrEolh1Iomrv6U+JuNwaHXsXx9bLu5gG7BUWFIN0skIQJQ/L1rIex4X6w=="
    },
    "@types/geojson@7946.0.4": {
      "integrity": "sha512-MHmwBtCb7OCv1DSivz2UNJXPGU/1btAWRKlqJ2saEhVJkpkvqHMMaOpKg0v4sAbDWSQekHGvPVMM8nQ+Jen03Q=="
    },
    "ansi-regex@5.0.1": {
      "integrity": "sha512-quJQXlTSUGL2LH9SUXo8VwsY4soanhgo6LNSm84E1LBcE8s3O0wpdiRzyR9z/ZZJMlMWv37qOOb9pdJlMUEKFQ=="
    },
    "ansi-styles@4.3.0": {
      "integrity": "sha512-zbB9rCJAT1rbjiVDb2hqKFHNYLxgtk8NURxZ3IZwD3F6NtxbXZQCnnSi1Lkx+IDohdPlFp222wVALIheZJQSEg==",
      "dependencies": [
        "color-convert"
      ]
    },
    "chalk@5.6.2": {
      "integrity": "sha512-7NzBL0rN6fMUW+f7A6Io4h40qQlG+xGmtMxfbnH/K7TAtt8JQWVQK+6g0UXKMeVJoyV5EkkNsErQ8pVD3bLHbA=="
    },
    "cliui@8.0.1": {
      "integrity": "sha512-BSeNnyus75C4//NQ9gQt1/csTXyo/8Sb+afLAkzAptFuMsod9HFokGNudZpi/oQV73hnVK+sR+5PVRMd+Dr7YQ==",
      "dependencies": [
        "string-width",
        "strip-ansi",
        "wrap-ansi"
      ]
    },
    "color-convert@2.0.1": {
      "integrity": "sha512-RRECPsj7iu/xb5oKYcsFHSppFNnsj/52OVTRKb4zP5onXwVF3zVmmToNcOfGC+CRDpfK/U584fMg38ZHCaElKQ==",
      "dependencies": [
        "color-name"
      ]
    },
    "color-name@1.1.4": {
      "integrity": "sha512-dOy+3AuW3a2wNbZHIuMZpTcgjGuLU/uBL/ubcZF9OXbDo8ff4O8yVp5Bf0efS8uEoYo5q4Fx7dY9OgQGXgAsQA=="
    },
    "commander@2.20.3": {
      "integrity": "sha512-GpVkmM8vF2vQUkj2LvZmD35JxeJOLCwJ9cUkugyk2nuhbv3+mJvpLYYt+0+USMxE+oj+ey/lJEnhZw75x/OMcQ=="
    },
    "commander@7.2.0": {
      "integrity": "sha512-QrWXB+ZQSVPmIWIhtEO9H+gwHaMGYiF5ChvoJ+K9ZGHG/sVsa6yiesAD1GC/x46sET00Xlwo1u49RVVVzvcSkw=="
    },
    "d3-array@3.2.4": {
      "integrity": "sha512-tdQAmyA18i4J7wprpYq8ClcxZy3SC31QMeByyCFyRt7BVHdREQZ5lpzoe5mFEYZUWe+oq8HBvk9JjpibyEV4Jg==",
      "dependencies": [
        "internmap"
      ]
    },
    "d3-color@3.1.0": {
      "integrity": "sha512-zg/chbXyeBtMQ1LbD/WSoW2DpC3I0mpmPdW+ynRTj/x2DAWYrIY7qeZIHidozwV24m4iavr15lNwIwLxRmOxhA=="
    },
    "d3-delaunay@6.0.4": {
      "integrity": "sha512-mdjtIZ1XLAM8bm/hx3WwjfHt6Sggek7qH043O8KEjDXN40xi3vx/6pYSVTwLjEgiXQTbvaouWKynLBiUZ6SK6A==",
      "dependencies": [
        "delaunator"
      ]
    },
    "d3-dispatch@3.0.1": {
      "integrity": "sha512-rzUyPU/S7rwUflMyLc1ETDeBj0NRuHKKAcvukozwhshr6g6c5d8zh4c2gQjY2bZ0dXeGLWc1PF174P2tVvKhfg=="
    },
    "d3-dsv@3.0.1": {
      "integrity": "sha512-UG6OvdI5afDIFP9w4G0mNq50dSOsXHJaRE8arAS5o9ApWnIElp8GZw1Dun8vP8OyHOZ/QJUKUJwxiiCCnUwm+Q==",
      "dependencies": [
        "commander@7.2.0",
        "iconv-lite",
        "rw"
      ],
      "bin": true
    },
    "d3-force@3.0.0": {
      "integrity": "sha512-zxV/SsA+U4yte8051P4ECydjD/S+qeYtnaIyAs9tgHCqfguma/aAQDjo85A9Z6EKhBirHRJHXIgJUlffT4wdLg==",
      "dependencies": [
        "d3-dispatch",
        "d3-quadtree",
        "d3-timer"
      ]
    },
    "d3-format@3.1.2": {
      "integrity": "sha512-AJDdYOdnyRDV5b6ArilzCPPwc1ejkHcoyFarqlPqT7zRYjhavcT3uSrqcMvsgh2CgoPbK3RCwyHaVyxYcP2Arg=="
    },
    "d3-geo-projection@4.0.0": {
      "integrity": "sha512-p0bK60CEzph1iqmnxut7d/1kyTmm3UWtPlwdkM31AU+LW+BXazd5zJdoCn7VFxNCHXRngPHRnsNn5uGjLRGndg==",
      "dependencies": [
        "commander@7.2.0",
        "d3-array",
        "d3-geo"
      ],
      "bin": true
    },
    "d3-geo@3.1.1": {
      "integrity": "sha512-637ln3gXKXOwhalDzinUgY83KzNWZRKbYubaG+fGVuc/dxO64RRljtCTnf5ecMyE1RIdtqpkVcq0IbtU2S8j2Q==",
      "dependencies": [
        "d3-array"
      ]
    },
    "d3-hierarchy@3.1.2": {
      "integrity": "sha512-FX/9frcub54beBdugHjDCdikxThEqjnR93Qt7PvQTOHxyiNCAlvMrHhclk3cD5VeAaq9fxmfRp+CnWw9rEMBuA=="
    },
    "d3-interpolate@3.0.1": {
      "integrity": "sha512-3bYs1rOD33uo8aqJfKP3JWPAibgw8Zm2+L9vBKEHJ2Rg+viTR7o5Mmv5mZcieN+FRYaAOWX5SJATX6k1PWz72g==",
      "dependencies": [
        "d3-color"
      ]
    },
    "d3-path@3.1.0": {
      "integrity": "sha512-p3KP5HCf/bvjBSSKuXid6Zqijx7wIfNW+J/maPs+iwR35at5JCbLUT0LzF1cnjbCHWhqzQTIN2Jpe8pRebIEFQ=="
    },
    "d3-quadtree@3.0.1": {
      "integrity": "sha512-04xDrxQTDTCFwP5H6hRhsRcb9xxv2RzkcsygFzmkSIOJy3PeRJP7sNk3VRIbKXcog561P9oU0/rVH6vDROAgUw=="
    },
    "d3-scale-chromatic@3.1.0": {
      "integrity": "sha512-A3s5PWiZ9YCXFye1o246KoscMWqf8BsD9eRiJ3He7C9OBaxKhAd5TFCdEx/7VbKtxxTsu//1mMJFrEt572cEyQ==",
      "dependencies": [
        "d3-color",
        "d3-interpolate"
      ]
    },
    "d3-scale@4.0.2": {
      "integrity": "sha512-GZW464g1SH7ag3Y7hXjf8RoUuAFIqklOAq3MRl4OaWabTFJY9PN/E1YklhXLh+OQ3fM9yS2nOkCoS+WLZ6kvxQ==",
      "dependencies": [
        "d3-array",
        "d3-format",
        "d3-interpolate",
        "d3-time",
        "d3-time-format"
      ]
    },
    "d3-shape@3.2.0": {
      "integrity": "sha512-SaLBuwGm3MOViRq2ABk3eLoxwZELpH6zhl3FbAoJ7Vm1gofKx6El1Ib5z23NUEhF9AsGl7y+dzLe5Cw2AArGTA==",
      "dependencies": [
        "d3-path"
      ]
    },
    "d3-time-format@4.1.0": {
      "integrity": "sha512-dJxPBlzC7NugB2PDLwo9Q8JiTR3M3e4/XANkreKSUxF8vvXKqm1Yfq4Q5dl8budlunRVlUUaDUgFt7eA8D6NLg==",
      "dependencies": [
        "d3-time"
      ]
    },
    "d3-time@3.1.0": {
      "integrity": "sha512-VqKjzBLejbSMT4IgbmVgDjpkYrNWUYJnbCGo874u7MMKIWsILRX+OpX/gTk8MqjpT1A/c6HY2dCA77ZN0lkQ2Q==",
      "dependencies": [
        "d3-array"
      ]
    },
    "d3-timer@3.0.1": {
      "integrity": "sha512-ndfJ/JxxMd3nw31uyKoY2naivF+r29V+Lc0svZxe1JvvIRmi8hUsrMvdOwgS1o6uBHmiz91geQ0ylPP0aj1VUA=="
    },
    "delaunator@5.0.1": {
      "integrity": "sha512-8nvh+XBe96aCESrGOqMp/84b13H9cdKbG5P2ejQCh4d4sK9RL4371qou9drQjMhvnPmhWl5hnmqbEE0fXr9Xnw==",
      "dependencies": [
        "robust-predicates"
      ]
    },
    "emoji-regex@8.0.0": {
      "integrity": "sha512-MSjYzcWNOA0ewAHpz0MxpYFvwg6yjy1NG3xteoqz644VCo/RPgnr1/GGt+ic3iJTzQ8Eu3TdM14SawnVUmGE6A=="
    },
    "escalade@3.2.0": {
      "integrity": "sha512-WUj2qlxaQtO4g6Pq5c29GTcWGDyd8itL8zTlipgECz3JesAiiOKotd8JU6otB3PACgG6xkJUyVhboMS+bje/jA=="
    },
    "get-caller-file@2.0.5": {
      "integrity": "sha512-DyFP3BM/3YHTQOCUL/w0OZHR0lpKeGrxotcHWcqNEdnltqFwXVfhEBQ94eIo34AfQpo0rGki4cyIiftY06h2Fg=="
    },
    "iconv-lite@0.6.3": {
      "integrity": "sha512-4fCk79wshMdzMp2rH06qWrJE4iolqLhCUH+OiuIgU++RB0+94NlDL81atO7GX55uUKueo0txHNtvEyI6D7WdMw==",
      "dependencies": [
        "safer-buffer"
      ]
    },
    "internmap@2.0.3": {
      "integrity": "sha512-5Hh7Y1wQbvY5ooGgPbDaL5iYLAPzMTUrjMulskHLH6wnv/A+1q5rgEaiuqEjB+oxGXIVZs1FF+R/KPN3ZSQYYg=="
    },
    "is-fullwidth-code-point@3.0.0": {
      "integrity": "sha512-zymm5+u+sCsSWyD9qNaejV3DFvhCKclKdizYaJUuHA83RLjb7nSuGnddCHGv0hk+KY7BMAlsWeK4Ueg6EV6XQg=="
    },
    "json-stringify-pretty-compact@4.0.0": {
      "integrity": "sha512-3CNZ2DnrpByG9Nqj6Xo8vqbjT4F6N+tb4Gb28ESAZjYZ5yqvmc56J+/kuIwkaAMOyblTQhUW7PxMkUb8Q36N3Q=="
    },
    "node-fetch@2.7.0": {
      "integrity": "sha512-c4FRfUm/dbcWZ7U+1Wq0AwCyFL+3nt2bEw05wfxSz+DWpWsitgmSgYmy2dQdWyKC1694ELPqMs/YzUSNozLt8A==",
      "dependencies": [
        "whatwg-url"
      ]
    },
    "require-directory@2.1.1": {
      "integrity": "sha512-fGxEI7+wsG9xrvdjsrlmL22OMTTiHRwAMroiEeMgq8gzoLC/PQr7RsRDSTLUg/bZAZtF+TVIkHc6/4RIKrui+Q=="
    },
    "robust-predicates@3.0.3": {
      "integrity": "sha512-NS3levdsRIUOmiJ8FZWCP7LG3QpJyrs/TE0Zpf1yvZu8cAJJ6QMW92H1c7kWpdIHo8RvmLxN/o2JXTKHp74lUA=="
    },
    "rw@1.3.3": {
      "integrity": "sha512-PdhdWy89SiZogBLaw42zdeqtRJ//zFd2PgQavcICDUgJT5oW10QCRKbJ6bg4r0/UY2M6BWd5tkxuGFRvCkgfHQ=="
    },
    "safer-buffer@2.1.2": {
      "integrity": "sha512-YZo3K82SD7Riyi0E1EQPojLz7kpepnSQI9IyPbHHg1XXXevb5dJI7tpyN2ADxGcQbHG7vcyRHk0cbwqcQriUtg=="
    },
    "string-width@4.2.3": {
      "integrity": "sha512-wKyQRQpjJ0sIp62ErSZdGsjMJWsap5oRNihHhu6G7JVO/9jIB6UyevL+tXuOqrng8j/cxKTWyWUwvSTriiZz/g==",
      "dependencies": [
        "emoji-regex",
        "is-fullwidth-code-point",
        "strip-ansi"
      ]
    },
    "strip-ansi@6.0.1": {
      "integrity": "sha512-Y38VPSHcqkFrCpFnQ9vuSXmquuv5oXOKpGeT6aGrr3o3Gc9AlVa6JBfUSOCnbxGGZF+/0ooI7KrPuUSztUdU5A==",
      "dependencies": [
        "ansi-regex"
      ]
    },
    "topojson-client@3.1.0": {
      "integrity": "sha512-605uxS6bcYxGXw9qi62XyrV6Q3xwbndjachmNxu8HWTtVPxZfEJN9fd/SZS1Q54Sn2y0TMyMxFj/cJINqGHrKw==",
      "dependencies": [
        "commander@2.20.3"
      ],
      "bin": true
    },
    "tr46@0.0.3": {
      "integrity": "sha512-N3WMsuqV66lT30CrXNbEjx4GEwlow3v6rr4mCcv6prnfwhS01rkgyFdjPNBYd9br7LpXV1+Emh01fHnq2Gdgrw=="
    },
    "tslib@2.8.1": {
      "integrity": "sha512-oJFu94HQb+KVduSUQL7wnpmqnfmLsOA/nAh6b6EH0wCEoK0/mPeXU6c3wKDV83MkOuHPRHtSXKKU99IBazS/2w=="
    },
    "vega-canvas@1.2.7": {
      "integrity": "sha512-OkJ9CACVcN9R5Pi9uF6MZBF06pO6qFpDYHWSKBJsdHP5o724KrsgR6UvbnXFH82FdsiTOff/HqjuaG8C7FL+9Q=="
    },
    "vega-crossfilter@4.1.4": {
      "integrity": "sha512-5E/i60Y80CUt+4O+U89X8ZnauaFuq0ztq/Hx4i4sT/crk4Lfn1oplRAjNOo7dFEZ04TahyBbYiJKIhR0yvmHpw==",
      "dependencies": [
        "d3-array",
        "vega-dataflow",
        "vega-util"
      ]
    },
    "vega-dataflow@5.7.8": {
      "integrity": "sha512-jrllcIjSYU5Jh130RDR44o/SbUbJndLuoiM9IsKWW+a7HayKnfmbdHWm7MvCrj/YLupFZVojRaS1tTs53EXTdA==",
      "dependencies": [
        "vega-format",
        "vega-loader",
        "vega-util"
      ]
    },
    "vega-encode@4.10.3": {
      "integrity": "sha512-245ebBuN1TjwVVDFG7JZaZ/ExLAhZ4kDTK2zlIoXs/g2P5rRgL4Q6oRixr+Pgr43G7ISCEHrUBgUjRcSoG8eEA==",
      "dependencies": [
        "d3-array",
        "d3-interpolate",
        "vega-dataflow",
        "vega-scale",
        "vega-util"
      ]
    },
    "vega-event-selector@3.0.1": {
      "integrity": "sha512-K5zd7s5tjr1LiOOkjGpcVls8GsH/f2CWCrWcpKy74gTCp+llCdwz0Enqo013ZlGaRNjfgD/o1caJRt3GSaec4A=="
    },
    "vega-expression@5.1.2": {
      "integrity": "sha512-fFeDTh4UtOxlZWL54jf1ZqJHinyerWq/ROiqrQxqLkNJRJ86RmxYTgXwt65UoZ/l4VUv9eAd2qoJeDEf610Umw==",
      "dependencies": [
        "@types/estree",
        "vega-util"
      ]
    },
    "vega-expression@5.2.1": {
      "integrity": "sha512-9KKbI2q9qTI55NSjD/dVWg3aeCtw+gwyWCiLMM47ha6iXrAN9pQ+EKRJfxOHuoDfCTlJJTaUfnnXgbqm0HEszg==",
      "dependencies": [
        "@types/estree",
        "vega-util"
      ]
    },
    "vega-force@4.2.3": {
      "integrity": "sha512-7Yp1uOPy3eyzK/hnAIU0v/yQ9mIhtoJ+tq8AMaZiWqy67SUYsE3olmgdllY6R9M81D/n/rv8K+8JjbHMU5/sUA==",
      "dependencies": [
        "d3-force",
        "vega-dataflow",
        "vega-util"
      ]
    },
    "vega-format@1.1.4": {
      "integrity": "sha512-+oz6UvXjQSbweW9P8q+1o2qFYyBYPFax94j6a9PQMnCIWMovFSss1wEElljOT8CEpnHyS15yiGlmz4qbWTQwnQ==",
      "dependencies": [
        "d3-array",
        "d3-format",
        "d3-time-format",
        "vega-time",
        "vega-util"
      ]
    },
    "vega-functions@5.18.1": {
      "integrity": "sha512-qEBAbo0jxGGebRvbX1zmxzmjwFz8/UtncRhzwk9/KcI0WudULNmCM1iTu+DGFRnNHdcKi6kUlwJBPIp7zDu3HQ==",
      "dependencies": [
        "d3-array",
        "d3-color",
        "d3-geo",
        "vega-dataflow",
        "vega-expression@5.2.1",
        "vega-scale",
        "vega-scenegraph",
        "vega-selections",
        "vega-statistics",
        "vega-time",
        "vega-util"
      ]
    },
    "vega-geo@4.4.4": {
      "integrity": "sha512-jTLYrDvhXJinWQCfuVLP1nSlOdFlA9blVS6K7uOcBTJ4382Aw3ALGZKluUQyJkFdrkGfqxoDJo5MLHLu2zlc6g==",
      "dependencies": [
        "d3-array",
        "d3-color",
        "d3-geo",
        "vega-canvas",
        "vega-dataflow",
        "vega-projection",
        "vega-statistics",
        "vega-util"
      ]
    },
    "vega-hierarchy@4.1.4": {
      "integrity": "sha512-/iSh1YqdgsHFB20QxJ6IAVzRZQBKuMpZ/GsN5sZDP3bBJdVWl3we48L/r6w7FP9NU+JzFHcDUPJ0S0UzpMhaqg==",
      "dependencies": [
        "d3-hierarchy",
        "vega-dataflow",
        "vega-util"
      ]
    },
    "vega-label@1.3.2": {
      "integrity": "sha512-YlUCUZNsp1FHkpPjOpD+aVVmVLFw6xa+bFQGBCECuY1DuRyN6l8oCRmUOjBrr70ip8fbqfGk+czHw543J1PJgg==",
      "dependencies": [
        "vega-canvas",
        "vega-dataflow",
        "vega-scenegraph",
        "vega-util"
      ]
    },
    "vega-lite@5.23.0_vega@5.33.1": {
      "integrity": "sha512-l4J6+AWE3DIjvovEoHl2LdtCUkfm4zs8Xxx7INwZEAv+XVb6kR6vIN1gt3t2gN2gs/y4DYTs/RPoTeYAuEg6mA==",
      "dependencies": [
        "json-stringify-pretty-compact",
        "tslib",
        "vega",
        "vega-event-selector",
        "vega-expression@5.1.2",
        "vega-util",
        "yargs"
      ],
      "bin": true
    },
    "vega-loader@4.5.4": {
      "integrity": "sha512-AOJPsDVz009aTdD9hzigUaO/NFmuN1o83rzvZu/g37TJfhU+3DOvgnO0rnqJbnSOfcBkLWER6XghlKS3j77w4A==",
      "dependencies": [
        "d3-dsv",
        "node-fetch",
        "topojson-client",
        "vega-format",
        "vega-util"
      ]
    },
    "vega-parser@6.6.1": {
      "integrity": "sha512-FIez+huStzgjsxLqOkxDAooTkDC2XruYCIFWhd3HuM/QrqKtj9JKGuIUJjpVVkE7by7S5ejrucpRzVVgQfbzSg==",
      "dependencies": [
        "vega-dataflow",
        "vega-event-selector",
        "vega-functions",
        "vega-scale",
        "vega-util"
      ]
    },
    "vega-projection@1.6.3": {
      "integrity": "sha512-vusyaPi3EFIHrBVs0chNv2bCqxw4X+XgI1m3+yOgUD/dutsIGTcqy+PjlNlspPQvMI9JjTeIUTGt8u1V7oDwAA==",
      "dependencies": [
        "d3-geo",
        "d3-geo-projection",
        "vega-scale"
      ]
    },
    "vega-regression@1.3.2": {
      "integrity": "sha512-DtGToopuJGmxeoymaOXTDKlWkkYiDVvZFV1IWQNuRlChTBI6YBpil4WmA3U+ECePDQuk2+/mWlw+vafrbgF8Tg==",
      "dependencies": [
        "d3-array",
        "vega-dataflow",
        "vega-statistics",
        "vega-util"
      ]
    },
    "vega-runtime@6.2.2": {
      "integrity": "sha512-5c+i7y5XBw5phIA1mBeqF/gtOQcDjUzroUAQ0g3y3weNx0K4mzj7V360yZiBLNcuHv65xgTlijstbKQttxeY/g==",
      "dependencies": [
        "vega-dataflow",
        "vega-util"
      ]
    },
    "vega-scale@7.4.3": {
      "integrity": "sha512-f7SSN2YJowtrdkt7nJIR6YYhjDk8oB37q5So2/OxXQv5CBHipFPQSHS1ZVw9vD3V5wLnrZCxC4Ji27gmsTefgA==",
      "dependencies": [
        "d3-array",
        "d3-interpolate",
        "d3-scale",
        "d3-scale-chromatic",
        "vega-time",
        "vega-util"
      ]
    },
    "vega-scenegraph@4.13.2": {
      "integrity": "sha512-eCutgcLzdUg23HLc6MTZ9pHCdH0hkqSmlbcoznspwT0ajjATk6M09JNyJddiaKR55HuQo03mBWsPeRCd5kOi0g==",
      "dependencies": [
        "d3-path",
        "d3-shape",
        "vega-canvas",
        "vega-loader",
        "vega-scale",
        "vega-util"
      ]
    },
    "vega-selections@5.6.3": {
      "integrity": "sha512-DXd+XVKcIjBAtSCcgtPx7cXuqG/7L98SWoFh6GKNu26EBUyn3zm0GAlZxNLPoI01Jz9Fb3YpSsewk2aIAbM68g==",
      "dependencies": [
        "d3-array",
        "vega-expression@5.2.1",
        "vega-util"
      ]
    },
    "vega-statistics@1.9.0": {
      "integrity": "sha512-GAqS7mkatpXcMCQKWtFu1eMUKLUymjInU0O8kXshWaQrVWjPIO2lllZ1VNhdgE0qGj4oOIRRS11kzuijLshGXQ==",
      "dependencies": [
        "d3-array"
      ]
    },
    "vega-time@2.1.4": {
      "integrity": "sha512-DBMRps5myYnSAlvQ+oiX8CycJZjGQNqyGE04xaZrpOgHll7vlvezpET2FnGZC7wS3DsqMcPjnpnI1h7+qJox1Q==",
      "dependencies": [
        "d3-array",
        "d3-time",
        "vega-util"
      ]
    },
    "vega-transforms@4.12.2": {
      "integrity": "sha512-VuNLzB0DavFn5GIkFvR2XvwPavjY7VXl2oPUOFvNgSfyQywmCoC7VOX+iHeOdxoZdoy+XEOGAqRs9imxVo2HVA==",
      "dependencies": [
        "d3-array",
        "vega-dataflow",
        "vega-statistics",
        "vega-time",
        "vega-util"
      ]
    },
    "vega-typings@1.5.1": {
      "integrity": "sha512-40kRoG/jG8+4cd3kT5yw08iTlIGe57F7Go/ileSCtRtgU8RZ7tpPaE6GgYvF/HTPlCKMk9/pOdp62+o5sulhvQ==",
      "dependencies": [
        "@types/geojson",
        "vega-event-selector",
        "vega-expression@5.2.1",
        "vega-util"
      ]
    },
    "vega-util@1.17.4": {
      "integrity": "sha512-+y3ZW7dEqM8Ck+KRsd+jkMfxfE7MrQxUyIpNjkfhIpGEreym+aTn7XUw1DKXqclr8mqTQvbilPo16B3lnBr0wA=="
    },
    "vega-view-transforms@4.6.2": {
      "integrity": "sha512-udnYutgX7T7E0crqKWSs4hcxTdUmZHR2F4rKj0+3nN9+CfYMWbGgUkCkP2pMu7j2OH0ETX2uDn5xL8+YJWeXSg==",
      "dependencies": [
        "vega-dataflow",
        "vega-scenegraph",
        "vega-util"
      ]
    },
    "vega-view@5.16.1": {
      "integrity": "sha512-YyG4i2JDkRCacHd9xNAwyov2cELxwzPGY224PA2o0gEhkoOjPkVElTmo9QHJvKeVxMoyad6wvoq+Jj+TB6zhLw==",
      "dependencies": [
        "d3-array",
        "d3-timer",
        "vega-dataflow",
        "vega-format",
        "vega-functions",
        "vega-runtime",
        "vega-scenegraph",
        "vega-util"
      ]
    },
    "vega-voronoi@4.2.5": {
      "integrity": "sha512-u0TLSQboiLyoM6V9S0E6cc77EfWati+ApZ6zE+NhH3h/zZRzYZmElnDn46hUof2o9jNyh09xFXTXykVHmt7IGg==",
      "dependencies": [
        "d3-delaunay",
        "vega-dataflow",
        "vega-util"
      ]
    },
    "vega-wordcloud@4.1.7": {
      "integrity": "sha512-xdMykDXdWEp3/7Hil7Yx8uNVmjvqxwGibHJLSfiubNNO9OErrH3ZUgcxWv5hLe9wdK+KSGP94SSqTOAaqH7r/A==",
      "dependencies": [
        "vega-canvas",
        "vega-dataflow",
        "vega-scale",
        "vega-statistics",
        "vega-util"
      ]
    },
    "vega@5.33.1": {
      "integrity": "sha512-1fArfVDUqVbb5z8n+/nVQb+VNBzx8svY6CrsyTK4Ujm4yrd9I1auoKxBAPXLCavY1LcrbHUskQbGUP8gXOzyQw==",
      "dependencies": [
        "vega-crossfilter",
        "vega-dataflow",
        "vega-encode",
        "vega-event-selector",
        "vega-expression@5.2.1",
        "vega-force",
        "vega-format",
        "vega-functions",
        "vega-geo",
        "vega-hierarchy",
        "vega-label",
        "vega-loader",
        "vega-parser",
        "vega-projection",
        "vega-regression",
        "vega-runtime",
        "vega-scale",
        "vega-scenegraph",
        "vega-statistics",
        "vega-time",
        "vega-transforms",
        "vega-typings",
        "vega-util",
        "vega-view",
        "vega-view-transforms",
        "vega-voronoi",
        "vega-wordcloud"
      ]
    },
    "webidl-conversions@3.0.1": {
      "integrity": "sha512-2JAn3z8AR6rjK8Sm8orRC0h/bcl/DqL7tRPdGZ4I1CjdF+EaMLmYxBHyXuKL849eucPFhvBoxMsflfOb8kxaeQ=="
    },
    "whatwg-url@5.0.0": {
      "integrity": "sha512-saE57nupxk6v3HY35+jzBwYa0rKSy0XR8JSxZPwgLr7ys0IBzhGviA1/TUGJLmSVqs8pb9AnvICXEuOHLprYTw==",
      "dependencies": [
        "tr46",
        "webidl-conversions"
      ]
    },
    "wrap-ansi@7.0.0": {
      "integrity": "sha512-YVGIj2kamLSTxw6NsZjoBxfSwsn0ycdesmc4p+Q21c5zPuZ1pl+NfxVdxPtdHvmNVOQ6XSYG4AUtyt/Fi7D16Q==",
      "dependencies": [
        "ansi-styles",
        "string-width",
        "strip-ansi"
      ]
    },
    "y18n@5.0.8": {
      "integrity": "sha512-0pfFzegeDWJHJIAmTLRP2DwHjdF5s7jo9tuztdQxAhINCdvS+3nGINqPd00AphqJR/0LhANUS6/+7SCb98YOfA=="
    },
    "yargs-parser@21.1.1": {
      "integrity": "sha512-tVpsJW7DdjecAiFpbIB1e3qxIQsE6NoPc5/eTdrbbIC4h0LVsWhnoa3g+m2HclBIujHzsxZ4VJVA+GUuc2/LBw=="
    },
    "yargs@17.7.2": {
      "integrity": "sha512-7dSzzRQ++CKnNI/krKnYRV7JKKPUXMEh61soaHKg9mrWEhzFWhFnxPxGl+69cD1Ou63C13NUPCnmIcrvqCuM6w==",
      "dependencies": [
        "cliui",
        "escalade",
        "get-caller-file",
        "require-directory",
        "string-width",
        "y18n",
        "yargs-parser"
      ]
    }
  },
  "workspace": {
    "dependencies": [
      "jsr:@std/cli@1",
      "jsr:@std/path@1",
      "npm:@resvg/resvg-js@2",
      "npm:chalk@5",
      "npm:vega-lite@5",
      "npm:vega@5"
    ]
  }
}
